{
  "name": "03-cbc-mode",
  "version": "1.0.0",
  "lockfileVersion": 1,
  "requires": true,
  "dependencies": {
    "buffer-xor": {
      "version": "2.0.2",
      "resolved": "https://registry.npmjs.org/buffer-xor/-/buffer-xor-2.0.2.tgz",
      "integrity": "sha512-eHslX0bin3GB+Lx2p7lEYRShRewuNZL3fUl4qlVJGGiwoPGftmt8JQgk2Y9Ji5/01TnVDo33E5b5O3vUB1HdqQ==",
      "requires": {
        "safe-buffer": "5.1.1"
      }
    },
    "math-buffer": {
      "version": "0.1.1",
      "resolved": "https://registry.npmjs.org/math-buffer/-/math-buffer-0.1.1.tgz",
      "integrity": "sha1-Ny0LTUWZdqmo1d46pqW0o0ef/Gg="
    },
    "safe-buffer": {
      "version": "5.1.1",
      "resolved": "https://registry.npmjs.org/safe-buffer/-/safe-buffer-5.1.1.tgz",
      "integrity": "sha512-kKvNJn6Mm93gAczWVJg7wH+wGYWNrDHdWvpUmHyEsgCtIwwo3bqPtV4tR5tuPaUhTOo/kvhVwd8XwwOllGYkbg=="
    }
  }
}
